
Microsoft Visual Studio Solution File, Format Version 12.00
# Visual Studio Version 16
VisualStudioVersion = 16.0.28922.388
MinimumVisualStudioVersion = 10.0.40219.1
Project("{FAE04EC0-301F-11D3-BF4B-00C04F79EFBC}") = "Events", "Events\Events.csproj", "{F08AB8CE-4567-4360-8D25-5655F4A13E54}"
EndProject
Global
	GlobalSection(SolutionConfigurationPlatforms) = preSolution
		Debug|Any CPU = Debug|Any CPU
		Release|Any CPU = Release|Any CPU
	EndGlobalSection
	GlobalSection(ProjectConfigurationPlatforms) = postSolution
		{F08AB8CE-4567-4360-8D25-5655F4A13E54}.Debug|Any CPU.ActiveCfg = Debug|Any CPU
		{F08AB8CE-4567-4360-8D25-5655F4A13E54}.Debug|Any CPU.Build.0 = Debug|Any CPU
		{F08AB8CE-4567-4360-8D25-5655F4A13E54}.Release|Any CPU.ActiveCfg = Release|Any CPU
		{F08AB8CE-4567-4360-8D25-5655F4A13E54}.Release|Any CPU.Build.0 = Release|Any CPU
	EndGlobalSection
	GlobalSection(SolutionProperties) = preSolution
		HideSolutionNode = FALSE
	EndGlobalSection
	GlobalSection(ExtensibilityGlobals) = postSolution
		SolutionGuid = {CCC94622-931E-44FA-B280-1D190FAB0D5B}
	EndGlobalSection
EndGlobal
